
Microsoft Visual Studio Solution File, Format Version 12.00
# Visual Studio Version 17
VisualStudioVersion = 17.4.33110.190
MinimumVisualStudioVersion = 10.0.40219.1
Project("{FAE04EC0-301F-11D3-BF4B-00C04F79EFBC}") = "FileHandlingPractice", "FileHandlingPractice\FileHandlingPractice.csproj", "{DF4BB536-63E9-4FB0-BDE9-73F50B9EDF96}"
EndProject
Global
	GlobalSection(SolutionConfigurationPlatforms) = preSolution
		Debug|Any CPU = Debug|Any CPU
		Release|Any CPU = Release|Any CPU
	EndGlobalSection
	GlobalSection(ProjectConfigurationPlatforms) = postSolution
		{DF4BB536-63E9-4FB0-BDE9-73F50B9EDF96}.Debug|Any CPU.ActiveCfg = Debug|Any CPU
		{DF4BB536-63E9-4FB0-BDE9-73F50B9EDF96}.Debug|Any CPU.Build.0 = Debug|Any CPU
		{DF4BB536-63E9-4FB0-BDE9-73F50B9EDF96}.Release|Any CPU.ActiveCfg = Release|Any CPU
		{DF4BB536-63E9-4FB0-BDE9-73F50B9EDF96}.Release|Any CPU.Build.0 = Release|Any CPU
	EndGlobalSection
	GlobalSection(SolutionProperties) = preSolution
		HideSolutionNode = FALSE
	EndGlobalSection
	GlobalSection(ExtensibilityGlobals) = postSolution
		SolutionGuid = {8DD9ACFF-7750-49DD-8CB4-55B0F67E89EC}
	EndGlobalSection
EndGlobal
