
Microsoft Visual Studio Solution File, Format Version 12.00
# Visual Studio Version 17
VisualStudioVersion = 17.4.33110.190
MinimumVisualStudioVersion = 10.0.40219.1
Project("{FAE04EC0-301F-11D3-BF4B-00C04F79EFBC}") = "BrowserWithNunit", "BrowserWithNunit\BrowserWithNunit.csproj", "{5B51D31D-8CDC-4096-8981-94B0B153611B}"
EndProject
Global
	GlobalSection(SolutionConfigurationPlatforms) = preSolution
		Debug|Any CPU = Debug|Any CPU
		Release|Any CPU = Release|Any CPU
	EndGlobalSection
	GlobalSection(ProjectConfigurationPlatforms) = postSolution
		{5B51D31D-8CDC-4096-8981-94B0B153611B}.Debug|Any CPU.ActiveCfg = Debug|Any CPU
		{5B51D31D-8CDC-4096-8981-94B0B153611B}.Debug|Any CPU.Build.0 = Debug|Any CPU
		{5B51D31D-8CDC-4096-8981-94B0B153611B}.Release|Any CPU.ActiveCfg = Release|Any CPU
		{5B51D31D-8CDC-4096-8981-94B0B153611B}.Release|Any CPU.Build.0 = Release|Any CPU
	EndGlobalSection
	GlobalSection(SolutionProperties) = preSolution
		HideSolutionNode = FALSE
	EndGlobalSection
	GlobalSection(ExtensibilityGlobals) = postSolution
		SolutionGuid = {2AD4E066-A56B-4665-ADB9-B2CA69B5BA9E}
	EndGlobalSection
EndGlobal
