
Microsoft Visual Studio Solution File, Format Version 12.00
# Visual Studio Version 17
VisualStudioVersion = 17.4.33110.190
MinimumVisualStudioVersion = 10.0.40219.1
Project("{FAE04EC0-301F-11D3-BF4B-00C04F79EFBC}") = "EpamPagesTest", "TaskSevenAutomationOnEPAM\EpamPagesTest.csproj", "{C646D274-95AC-4164-B5D7-0DB5069A013B}"
EndProject
Project("{FAE04EC0-301F-11D3-BF4B-00C04F79EFBC}") = "CommonLibrary", "CommonLibrary\CommonLibrary.csproj", "{7D03817A-B0D2-493A-A4F5-076BC47ACD7E}"
EndProject
Project("{FAE04EC0-301F-11D3-BF4B-00C04F79EFBC}") = "POMForEPam", "POMForEPam\POMForEPam.csproj", "{F308D17C-5A30-45F9-B5CB-D8D5ACD3E477}"
EndProject
Global
	GlobalSection(SolutionConfigurationPlatforms) = preSolution
		Debug|Any CPU = Debug|Any CPU
		Release|Any CPU = Release|Any CPU
	EndGlobalSection
	GlobalSection(ProjectConfigurationPlatforms) = postSolution
		{C646D274-95AC-4164-B5D7-0DB5069A013B}.Debug|Any CPU.ActiveCfg = Debug|Any CPU
		{C646D274-95AC-4164-B5D7-0DB5069A013B}.Debug|Any CPU.Build.0 = Debug|Any CPU
		{C646D274-95AC-4164-B5D7-0DB5069A013B}.Release|Any CPU.ActiveCfg = Release|Any CPU
		{C646D274-95AC-4164-B5D7-0DB5069A013B}.Release|Any CPU.Build.0 = Release|Any CPU
		{7D03817A-B0D2-493A-A4F5-076BC47ACD7E}.Debug|Any CPU.ActiveCfg = Debug|Any CPU
		{7D03817A-B0D2-493A-A4F5-076BC47ACD7E}.Debug|Any CPU.Build.0 = Debug|Any CPU
		{7D03817A-B0D2-493A-A4F5-076BC47ACD7E}.Release|Any CPU.ActiveCfg = Release|Any CPU
		{7D03817A-B0D2-493A-A4F5-076BC47ACD7E}.Release|Any CPU.Build.0 = Release|Any CPU
		{F308D17C-5A30-45F9-B5CB-D8D5ACD3E477}.Debug|Any CPU.ActiveCfg = Debug|Any CPU
		{F308D17C-5A30-45F9-B5CB-D8D5ACD3E477}.Debug|Any CPU.Build.0 = Debug|Any CPU
		{F308D17C-5A30-45F9-B5CB-D8D5ACD3E477}.Release|Any CPU.ActiveCfg = Release|Any CPU
		{F308D17C-5A30-45F9-B5CB-D8D5ACD3E477}.Release|Any CPU.Build.0 = Release|Any CPU
	EndGlobalSection
	GlobalSection(SolutionProperties) = preSolution
		HideSolutionNode = FALSE
	EndGlobalSection
	GlobalSection(ExtensibilityGlobals) = postSolution
		SolutionGuid = {0D73AC79-DCB5-445D-8568-8D2C857B8751}
	EndGlobalSection
EndGlobal
